
Microsoft Visual Studio Solution File, Format Version 12.00
# Visual Studio 2013
VisualStudioVersion = 12.0.21005.1
MinimumVisualStudioVersion = 10.0.40219.1
Project("{2150E333-8FDC-42A3-9474-1A3956D46DE8}") = "service", "service", "{3FBDC569-0937-4629-93C8-6B806AB0F102}"
EndProject
Project("{2150E333-8FDC-42A3-9474-1A3956D46DE8}") = "client", "client", "{D3C13A89-19E1-474D-BE57-88D78F71922C}"
EndProject
Project("{FAE04EC0-301F-11D3-BF4B-00C04F79EFBC}") = "Tickets.Model", "Tickets.Model\Tickets.Model.csproj", "{C9F41BE9-4040-412B-9550-E5DB80F3D5F9}"
EndProject
Project("{FAE04EC0-301F-11D3-BF4B-00C04F79EFBC}") = "Tickets.Tests.Unit", "Tickets.Tests.Unit\Tickets.Tests.Unit.csproj", "{0F53D698-E558-46AC-8FBC-F8C97A2C1A63}"
EndProject
Global
	GlobalSection(SolutionConfigurationPlatforms) = preSolution
		Debug|Any CPU = Debug|Any CPU
		Release|Any CPU = Release|Any CPU
	EndGlobalSection
	GlobalSection(ProjectConfigurationPlatforms) = postSolution
		{C9F41BE9-4040-412B-9550-E5DB80F3D5F9}.Debug|Any CPU.ActiveCfg = Debug|Any CPU
		{C9F41BE9-4040-412B-9550-E5DB80F3D5F9}.Debug|Any CPU.Build.0 = Debug|Any CPU
		{C9F41BE9-4040-412B-9550-E5DB80F3D5F9}.Release|Any CPU.ActiveCfg = Release|Any CPU
		{C9F41BE9-4040-412B-9550-E5DB80F3D5F9}.Release|Any CPU.Build.0 = Release|Any CPU
		{0F53D698-E558-46AC-8FBC-F8C97A2C1A63}.Debug|Any CPU.ActiveCfg = Debug|Any CPU
		{0F53D698-E558-46AC-8FBC-F8C97A2C1A63}.Debug|Any CPU.Build.0 = Debug|Any CPU
		{0F53D698-E558-46AC-8FBC-F8C97A2C1A63}.Release|Any CPU.ActiveCfg = Release|Any CPU
		{0F53D698-E558-46AC-8FBC-F8C97A2C1A63}.Release|Any CPU.Build.0 = Release|Any CPU
	EndGlobalSection
	GlobalSection(SolutionProperties) = preSolution
		HideSolutionNode = FALSE
	EndGlobalSection
	GlobalSection(NestedProjects) = preSolution
		{C9F41BE9-4040-412B-9550-E5DB80F3D5F9} = {3FBDC569-0937-4629-93C8-6B806AB0F102}
		{0F53D698-E558-46AC-8FBC-F8C97A2C1A63} = {3FBDC569-0937-4629-93C8-6B806AB0F102}
	EndGlobalSection
EndGlobal
